// !$*UTF8*$!
{
	archiveVersion = 1;
	classes = {
	};
	objectVersion = 46;
	objects = {

/* Begin PBXBuildFile section */
		025821211EB74A0000FCD9ED /* ScanbotSDK.framework in Frameworks */ = {isa = PBXBuildFile; fileRef = 025821201EB74A0000FCD9ED /* ScanbotSDK.framework */; };
		0258212F1EB74AA300FCD9ED /* ScanbotSDKCreditCardData.bundle in Resources */ = {isa = PBXBuildFile; fileRef = 0258212B1EB74A6900FCD9ED /* ScanbotSDKCreditCardData.bundle */; };
		025821301EB74AA300FCD9ED /* ScanbotSDKInvoiceData.bundle in Resources */ = {isa = PBXBuildFile; fileRef = 0258212C1EB74A6900FCD9ED /* ScanbotSDKInvoiceData.bundle */; };
		025821311EB74AA300FCD9ED /* ScanbotSDKMRZData.bundle in Resources */ = {isa = PBXBuildFile; fileRef = 0258212D1EB74A6900FCD9ED /* ScanbotSDKMRZData.bundle */; };
		0258213F1EB74AE800FCD9ED /* deu-frak.traineddata in Resources */ = {isa = PBXBuildFile; fileRef = 025821391EB74AE800FCD9ED /* deu-frak.traineddata */; };
		025821401EB74AE800FCD9ED /* deu.traineddata in Resources */ = {isa = PBXBuildFile; fileRef = 0258213A1EB74AE800FCD9ED /* deu.traineddata */; };
		025821411EB74AE800FCD9ED /* eng.traineddata in Resources */ = {isa = PBXBuildFile; fileRef = 0258213B1EB74AE800FCD9ED /* eng.traineddata */; };
		025821421EB74AE800FCD9ED /* osd.traineddata in Resources */ = {isa = PBXBuildFile; fileRef = 0258213C1EB74AE800FCD9ED /* osd.traineddata */; };
		025821431EB74AE800FCD9ED /* pdf.ttf in Resources */ = {isa = PBXBuildFile; fileRef = 0258213D1EB74AE800FCD9ED /* pdf.ttf */; };
		025821441EB74AE800FCD9ED /* pdf.ttx in Resources */ = {isa = PBXBuildFile; fileRef = 0258213E1EB74AE800FCD9ED /* pdf.ttx */; };
		B3E7B58A1CC2AC0600A0062D /* RNScanbot.m in Sources */ = {isa = PBXBuildFile; fileRef = B3E7B5891CC2AC0600A0062D /* RNScanbot.m */; };
/* End PBXBuildFile section */

/* Begin PBXCopyFilesBuildPhase section */
		58B511D91A9E6C8500147676 /* CopyFiles */ = {
			isa = PBXCopyFilesBuildPhase;
			buildActionMask = 2147483647;
			dstPath = "include/$(PRODUCT_NAME)";
			dstSubfolderSpec = 16;
			files = (
			);
			runOnlyForDeploymentPostprocessing = 0;
		};
/* End PBXCopyFilesBuildPhase section */

/* Begin PBXFileReference section */
		025821201EB74A0000FCD9ED /* ScanbotSDK.framework */ = {isa = PBXFileReference; lastKnownFileType = wrapper.framework; name = ScanbotSDK.framework; path = ScanbotSDK/ScanbotSDK.framework; sourceTree = "<group>"; };
		0258212B1EB74A6900FCD9ED /* ScanbotSDKCreditCardData.bundle */ = {isa = PBXFileReference; lastKnownFileType = "wrapper.plug-in"; name = ScanbotSDKCreditCardData.bundle; path = ScanbotSDK/AdditionalData/ScanbotSDKCreditCardData.bundle; sourceTree = "<group>"; };
		0258212C1EB74A6900FCD9ED /* ScanbotSDKInvoiceData.bundle */ = {isa = PBXFileReference; lastKnownFileType = "wrapper.plug-in"; name = ScanbotSDKInvoiceData.bundle; path = ScanbotSDK/AdditionalData/ScanbotSDKInvoiceData.bundle; sourceTree = "<group>"; };
		0258212D1EB74A6900FCD9ED /* ScanbotSDKMRZData.bundle */ = {isa = PBXFileReference; lastKnownFileType = "wrapper.plug-in"; name = ScanbotSDKMRZData.bundle; path = ScanbotSDK/AdditionalData/ScanbotSDKMRZData.bundle; sourceTree = "<group>"; };
		025821391EB74AE800FCD9ED /* deu-frak.traineddata */ = {isa = PBXFileReference; lastKnownFileType = file; path = "deu-frak.traineddata"; sourceTree = "<group>"; };
		0258213A1EB74AE800FCD9ED /* deu.traineddata */ = {isa = PBXFileReference; lastKnownFileType = file; path = deu.traineddata; sourceTree = "<group>"; };
		0258213B1EB74AE800FCD9ED /* eng.traineddata */ = {isa = PBXFileReference; lastKnownFileType = file; path = eng.traineddata; sourceTree = "<group>"; };
		0258213C1EB74AE800FCD9ED /* osd.traineddata */ = {isa = PBXFileReference; lastKnownFileType = file; path = osd.traineddata; sourceTree = "<group>"; };
		0258213D1EB74AE800FCD9ED /* pdf.ttf */ = {isa = PBXFileReference; lastKnownFileType = file; path = pdf.ttf; sourceTree = "<group>"; };
		0258213E1EB74AE800FCD9ED /* pdf.ttx */ = {isa = PBXFileReference; fileEncoding = 4; lastKnownFileType = text.xml; path = pdf.ttx; sourceTree = "<group>"; };
		134814201AA4EA6300B7C361 /* libRNScanbot.a */ = {isa = PBXFileReference; explicitFileType = archive.ar; includeInIndex = 0; path = libRNScanbot.a; sourceTree = BUILT_PRODUCTS_DIR; };
		B3E7B5881CC2AC0600A0062D /* RNScanbot.h */ = {isa = PBXFileReference; fileEncoding = 4; lastKnownFileType = sourcecode.c.h; path = RNScanbot.h; sourceTree = "<group>"; };
		B3E7B5891CC2AC0600A0062D /* RNScanbot.m */ = {isa = PBXFileReference; fileEncoding = 4; lastKnownFileType = sourcecode.c.objc; path = RNScanbot.m; sourceTree = "<group>"; };
/* End PBXFileReference section */

/* Begin PBXFrameworksBuildPhase section */
		58B511D81A9E6C8500147676 /* Frameworks */ = {
			isa = PBXFrameworksBuildPhase;
			buildActionMask = 2147483647;
			files = (
				025821211EB74A0000FCD9ED /* ScanbotSDK.framework in Frameworks */,
			);
			runOnlyForDeploymentPostprocessing = 0;
		};
/* End PBXFrameworksBuildPhase section */

/* Begin PBXGroup section */
		0258211F1EB749FA00FCD9ED /* Frameworks */ = {
			isa = PBXGroup;
			children = (
				025821201EB74A0000FCD9ED /* ScanbotSDK.framework */,
			);
			name = Frameworks;
			sourceTree = "<group>";
		};
		025821231EB74A5200FCD9ED /* AdditionalData */ = {
			isa = PBXGroup;
			children = (
				025821381EB74AE800FCD9ED /* SBSDKLanguageData */,
				0258212B1EB74A6900FCD9ED /* ScanbotSDKCreditCardData.bundle */,
				0258212C1EB74A6900FCD9ED /* ScanbotSDKInvoiceData.bundle */,
				0258212D1EB74A6900FCD9ED /* ScanbotSDKMRZData.bundle */,
			);
			name = AdditionalData;
			sourceTree = "<group>";
		};
		025821381EB74AE800FCD9ED /* SBSDKLanguageData */ = {
			isa = PBXGroup;
			children = (
				025821391EB74AE800FCD9ED /* deu-frak.traineddata */,
				0258213A1EB74AE800FCD9ED /* deu.traineddata */,
				0258213B1EB74AE800FCD9ED /* eng.traineddata */,
				0258213C1EB74AE800FCD9ED /* osd.traineddata */,
				0258213D1EB74AE800FCD9ED /* pdf.ttf */,
				0258213E1EB74AE800FCD9ED /* pdf.ttx */,
			);
			name = SBSDKLanguageData;
			path = ScanbotSDK/AdditionalData/SBSDKLanguageData;
			sourceTree = "<group>";
		};
		134814211AA4EA7D00B7C361 /* Products */ = {
			isa = PBXGroup;
			children = (
				134814201AA4EA6300B7C361 /* libRNScanbot.a */,
			);
			name = Products;
			sourceTree = "<group>";
		};
		58B511D21A9E6C8500147676 = {
			isa = PBXGroup;
			children = (
				025821231EB74A5200FCD9ED /* AdditionalData */,
				B3E7B5881CC2AC0600A0062D /* RNScanbot.h */,
				B3E7B5891CC2AC0600A0062D /* RNScanbot.m */,
				134814211AA4EA7D00B7C361 /* Products */,
				0258211F1EB749FA00FCD9ED /* Frameworks */,
			);
			sourceTree = "<group>";
		};
/* End PBXGroup section */

/* Begin PBXNativeTarget section */
		58B511DA1A9E6C8500147676 /* RNScanbot */ = {
			isa = PBXNativeTarget;
			buildConfigurationList = 58B511EF1A9E6C8500147676 /* Build configuration list for PBXNativeTarget "RNScanbot" */;
			buildPhases = (
				58B511D71A9E6C8500147676 /* Sources */,
				58B511D81A9E6C8500147676 /* Frameworks */,
				58B511D91A9E6C8500147676 /* CopyFiles */,
				025821221EB74A2400FCD9ED /* Run SBSDK Script */,
				0258212E1EB74A7A00FCD9ED /* Resources */,
			);
			buildRules = (
			);
			dependencies = (
			);
			name = RNScanbot;
			productName = RCTDataManager;
			productReference = 134814201AA4EA6300B7C361 /* libRNScanbot.a */;
			productType = "com.apple.product-type.library.static";
		};
/* End PBXNativeTarget section */

/* Begin PBXProject section */
		58B511D31A9E6C8500147676 /* Project object */ = {
			isa = PBXProject;
			attributes = {
				LastUpgradeCheck = 0610;
				ORGANIZATIONNAME = Facebook;
				TargetAttributes = {
					58B511DA1A9E6C8500147676 = {
						CreatedOnToolsVersion = 6.1.1;
					};
				};
			};
			buildConfigurationList = 58B511D61A9E6C8500147676 /* Build configuration list for PBXProject "RNScanbot" */;
			compatibilityVersion = "Xcode 3.2";
			developmentRegion = English;
			hasScannedForEncodings = 0;
			knownRegions = (
				en,
			);
			mainGroup = 58B511D21A9E6C8500147676;
			productRefGroup = 58B511D21A9E6C8500147676;
			projectDirPath = "";
			projectRoot = "";
			targets = (
				58B511DA1A9E6C8500147676 /* RNScanbot */,
			);
		};
/* End PBXProject section */

/* Begin PBXResourcesBuildPhase section */
		0258212E1EB74A7A00FCD9ED /* Resources */ = {
			isa = PBXResourcesBuildPhase;
			buildActionMask = 2147483647;
			files = (
				025821411EB74AE800FCD9ED /* eng.traineddata in Resources */,
				025821401EB74AE800FCD9ED /* deu.traineddata in Resources */,
				0258212F1EB74AA300FCD9ED /* ScanbotSDKCreditCardData.bundle in Resources */,
				025821301EB74AA300FCD9ED /* ScanbotSDKInvoiceData.bundle in Resources */,
				025821421EB74AE800FCD9ED /* osd.traineddata in Resources */,
				025821431EB74AE800FCD9ED /* pdf.ttf in Resources */,
				025821441EB74AE800FCD9ED /* pdf.ttx in Resources */,
				0258213F1EB74AE800FCD9ED /* deu-frak.traineddata in Resources */,
				025821311EB74AA300FCD9ED /* ScanbotSDKMRZData.bundle in Resources */,
			);
			runOnlyForDeploymentPostprocessing = 0;
		};
/* End PBXResourcesBuildPhase section */

/* Begin PBXShellScriptBuildPhase section */
		025821221EB74A2400FCD9ED /* Run SBSDK Script */ = {
			isa = PBXShellScriptBuildPhase;
			buildActionMask = 2147483647;
			files = (
			);
			inputPaths = (
			);
			name = "Run SBSDK Script";
			outputPaths = (
			);
			runOnlyForDeploymentPostprocessing = 0;
			shellPath = /bin/sh;
			shellScript = "bash \"$SRCROOT/ScanbotSDK/ScanbotSDK.framework/strip-SBSDK-Framework.sh\" \"$SRCROOT/ScanbotSDK\"";
		};
/* End PBXShellScriptBuildPhase section */

/* Begin PBXSourcesBuildPhase section */
		58B511D71A9E6C8500147676 /* Sources */ = {
			isa = PBXSourcesBuildPhase;
			buildActionMask = 2147483647;
			files = (
				B3E7B58A1CC2AC0600A0062D /* RNScanbot.m in Sources */,
			);
			runOnlyForDeploymentPostprocessing = 0;
		};
/* End PBXSourcesBuildPhase section */

/* Begin XCBuildConfiguration section */
		58B511ED1A9E6C8500147676 /* Debug */ = {
			isa = XCBuildConfiguration;
			buildSettings = {
				ALWAYS_SEARCH_USER_PATHS = NO;
				CLANG_CXX_LANGUAGE_STANDARD = "gnu++0x";
				CLANG_CXX_LIBRARY = "libc++";
				CLANG_ENABLE_MODULES = YES;
				CLANG_ENABLE_OBJC_ARC = YES;
				CLANG_WARN_BOOL_CONVERSION = YES;
				CLANG_WARN_CONSTANT_CONVERSION = YES;
				CLANG_WARN_DIRECT_OBJC_ISA_USAGE = YES_ERROR;
				CLANG_WARN_EMPTY_BODY = YES;
				CLANG_WARN_ENUM_CONVERSION = YES;
				CLANG_WARN_INT_CONVERSION = YES;
				CLANG_WARN_OBJC_ROOT_CLASS = YES_ERROR;
				CLANG_WARN_UNREACHABLE_CODE = YES;
				CLANG_WARN__DUPLICATE_METHOD_MATCH = YES;
				COPY_PHASE_STRIP = NO;
				ENABLE_STRICT_OBJC_MSGSEND = YES;
				GCC_C_LANGUAGE_STANDARD = gnu99;
				GCC_DYNAMIC_NO_PIC = NO;
				GCC_OPTIMIZATION_LEVEL = 0;
				GCC_PREPROCESSOR_DEFINITIONS = (
					"DEBUG=1",
					"$(inherited)",
				);
				GCC_SYMBOLS_PRIVATE_EXTERN = NO;
				GCC_WARN_64_TO_32_BIT_CONVERSION = YES;
				GCC_WARN_ABOUT_RETURN_TYPE = YES_ERROR;
				GCC_WARN_UNDECLARED_SELECTOR = YES;
				GCC_WARN_UNINITIALIZED_AUTOS = YES_AGGRESSIVE;
				GCC_WARN_UNUSED_FUNCTION = YES;
				GCC_WARN_UNUSED_VARIABLE = YES;
				IPHONEOS_DEPLOYMENT_TARGET = 7.0;
				MTL_ENABLE_DEBUG_INFO = YES;
				ONLY_ACTIVE_ARCH = YES;
				SDKROOT = iphoneos;
			};
			name = Debug;
		};
		58B511EE1A9E6C8500147676 /* Release */ = {
			isa = XCBuildConfiguration;
			buildSettings = {
				ALWAYS_SEARCH_USER_PATHS = NO;
				CLANG_CXX_LANGUAGE_STANDARD = "gnu++0x";
				CLANG_CXX_LIBRARY = "libc++";
				CLANG_ENABLE_MODULES = YES;
				CLANG_ENABLE_OBJC_ARC = YES;
				CLANG_WARN_BOOL_CONVERSION = YES;
				CLANG_WARN_CONSTANT_CONVERSION = YES;
				CLANG_WARN_DIRECT_OBJC_ISA_USAGE = YES_ERROR;
				CLANG_WARN_EMPTY_BODY = YES;
				CLANG_WARN_ENUM_CONVERSION = YES;
				CLANG_WARN_INT_CONVERSION = YES;
				CLANG_WARN_OBJC_ROOT_CLASS = YES_ERROR;
				CLANG_WARN_UNREACHABLE_CODE = YES;
				CLANG_WARN__DUPLICATE_METHOD_MATCH = YES;
				COPY_PHASE_STRIP = YES;
				ENABLE_NS_ASSERTIONS = NO;
				ENABLE_STRICT_OBJC_MSGSEND = YES;
				GCC_C_LANGUAGE_STANDARD = gnu99;
				GCC_WARN_64_TO_32_BIT_CONVERSION = YES;
				GCC_WARN_ABOUT_RETURN_TYPE = YES_ERROR;
				GCC_WARN_UNDECLARED_SELECTOR = YES;
				GCC_WARN_UNINITIALIZED_AUTOS = YES_AGGRESSIVE;
				GCC_WARN_UNUSED_FUNCTION = YES;
				GCC_WARN_UNUSED_VARIABLE = YES;
				IPHONEOS_DEPLOYMENT_TARGET = 7.0;
				MTL_ENABLE_DEBUG_INFO = NO;
				SDKROOT = iphoneos;
				VALIDATE_PRODUCT = YES;
			};
			name = Release;
		};
		58B511F01A9E6C8500147676 /* Debug */ = {
			isa = XCBuildConfiguration;
			buildSettings = {
				FRAMEWORK_SEARCH_PATHS = (
					"$(inherited)",
					"$(PROJECT_DIR)/ScanbotSDK",
				);
				HEADER_SEARCH_PATHS = (
					"$(inherited)",
					/Applications/Xcode.app/Contents/Developer/Toolchains/XcodeDefault.xctoolchain/usr/include,
					"$(SRCROOT)/../../../React/**",
					"$(SRCROOT)/../../react-native/React/**",
				);
				LIBRARY_SEARCH_PATHS = "$(inherited)";
				OTHER_LDFLAGS = "-ObjC";
				PRODUCT_NAME = RNScanbot;
				SKIP_INSTALL = YES;
			};
			name = Debug;
		};
		58B511F11A9E6C8500147676 /* Release */ = {
			isa = XCBuildConfiguration;
			buildSettings = {
				FRAMEWORK_SEARCH_PATHS = (
					"$(inherited)",
					"$(PROJECT_DIR)/ScanbotSDK",
				);
				HEADER_SEARCH_PATHS = (
					"$(inherited)",
					/Applications/Xcode.app/Contents/Developer/Toolchains/XcodeDefault.xctoolchain/usr/include,
					"$(SRCROOT)/../../../React/**",
					"$(SRCROOT)/../../react-native/React/**",
				);
				LIBRARY_SEARCH_PATHS = "$(inherited)";
				OTHER_LDFLAGS = "-ObjC";
				PRODUCT_NAME = RNScanbot;
				SKIP_INSTALL = YES;
			};
			name = Release;
		};
/* End XCBuildConfiguration section */

/* Begin XCConfigurationList section */
		58B511D61A9E6C8500147676 /* Build configuration list for PBXProject "RNScanbot" */ = {
			isa = XCConfigurationList;
			buildConfigurations = (
				58B511ED1A9E6C8500147676 /* Debug */,
				58B511EE1A9E6C8500147676 /* Release */,
			);
			defaultConfigurationIsVisible = 0;
			defaultConfigurationName = Release;
		};
		58B511EF1A9E6C8500147676 /* Build configuration list for PBXNativeTarget "RNScanbot" */ = {
			isa = XCConfigurationList;
			buildConfigurations = (
				58B511F01A9E6C8500147676 /* Debug */,
				58B511F11A9E6C8500147676 /* Release */,
			);
			defaultConfigurationIsVisible = 0;
			defaultConfigurationName = Release;
		};
/* End XCConfigurationList section */
	};
	rootObject = 58B511D31A9E6C8500147676 /* Project object */;
}
